
Microsoft Visual Studio Solution File, Format Version 12.00
# Visual Studio Version 16
VisualStudioVersion = 16.0.29806.167
MinimumVisualStudioVersion = 10.0.40219.1
Project("{FAE04EC0-301F-11D3-BF4B-00C04F79EFBC}") = "RRS", "RRS\RRS.csproj", "{DD6DCE37-1481-4ADD-8D57-0AC881005153}"
EndProject
Project("{FAE04EC0-301F-11D3-BF4B-00C04F79EFBC}") = "ezRouting", "ezRouting\ezRouting.csproj", "{989DA27D-87B3-4CA9-BDF8-40BE87A562A6}"
EndProject
Global
	GlobalSection(SolutionConfigurationPlatforms) = preSolution
		Debug|Any CPU = Debug|Any CPU
		Release|Any CPU = Release|Any CPU
	EndGlobalSection
	GlobalSection(ProjectConfigurationPlatforms) = postSolution
		{DD6DCE37-1481-4ADD-8D57-0AC881005153}.Debug|Any CPU.ActiveCfg = Debug|Any CPU
		{DD6DCE37-1481-4ADD-8D57-0AC881005153}.Debug|Any CPU.Build.0 = Debug|Any CPU
		{DD6DCE37-1481-4ADD-8D57-0AC881005153}.Release|Any CPU.ActiveCfg = Release|Any CPU
		{DD6DCE37-1481-4ADD-8D57-0AC881005153}.Release|Any CPU.Build.0 = Release|Any CPU
		{989DA27D-87B3-4CA9-BDF8-40BE87A562A6}.Debug|Any CPU.ActiveCfg = Debug|Any CPU
		{989DA27D-87B3-4CA9-BDF8-40BE87A562A6}.Debug|Any CPU.Build.0 = Debug|Any CPU
		{989DA27D-87B3-4CA9-BDF8-40BE87A562A6}.Release|Any CPU.ActiveCfg = Release|Any CPU
		{989DA27D-87B3-4CA9-BDF8-40BE87A562A6}.Release|Any CPU.Build.0 = Release|Any CPU
	EndGlobalSection
	GlobalSection(SolutionProperties) = preSolution
		HideSolutionNode = FALSE
	EndGlobalSection
	GlobalSection(ExtensibilityGlobals) = postSolution
		SolutionGuid = {7DCD6A0A-BCAA-482D-BC8F-D60A521C109B}
	EndGlobalSection
EndGlobal
